
Microsoft Visual Studio Solution File, Format Version 12.00
# Visual Studio Version 17
VisualStudioVersion = 17.13.35931.197 d17.13
MinimumVisualStudioVersion = 10.0.40219.1
Project("{8BC9CEB8-8B4A-11D0-8D11-00A0C91BC942}") = "serverqt", "serverqt\serverqt.vcxproj", "{12DB4140-76A5-44E2-987B-B844E4A55BCF}"
EndProject
Project("{8BC9CEB8-8B4A-11D0-8D11-00A0C91BC942}") = "server", "..\server\server\server.vcxproj", "{9839A97C-B140-4AC1-A5BD-9B85A041A612}"
EndProject
Project("{8BC9CEB8-8B4A-11D0-8D11-00A0C91BC942}") = "server1", "..\server\server1\server1.vcxproj", "{7A4FF8F7-4361-4964-9E9F-3E487B572188}"
EndProject
Global
	GlobalSection(SolutionConfigurationPlatforms) = preSolution
		Debug|ARM = Debug|ARM
		Debug|ARM64 = Debug|ARM64
		Debug|x64 = Debug|x64
		Debug|x86 = Debug|x86
		Release|ARM = Release|ARM
		Release|ARM64 = Release|ARM64
		Release|x64 = Release|x64
		Release|x86 = Release|x86
	EndGlobalSection
	GlobalSection(ProjectConfigurationPlatforms) = postSolution
		{12DB4140-76A5-44E2-987B-B844E4A55BCF}.Debug|ARM.ActiveCfg = Debug|ARM
		{12DB4140-76A5-44E2-987B-B844E4A55BCF}.Debug|ARM.Build.0 = Debug|ARM
		{12DB4140-76A5-44E2-987B-B844E4A55BCF}.Debug|ARM.Deploy.0 = Debug|ARM
		{12DB4140-76A5-44E2-987B-B844E4A55BCF}.Debug|ARM64.ActiveCfg = Debug|ARM64
		{12DB4140-76A5-44E2-987B-B844E4A55BCF}.Debug|ARM64.Build.0 = Debug|ARM64
		{12DB4140-76A5-44E2-987B-B844E4A55BCF}.Debug|ARM64.Deploy.0 = Debug|ARM64
		{12DB4140-76A5-44E2-987B-B844E4A55BCF}.Debug|x64.ActiveCfg = Debug|x64
		{12DB4140-76A5-44E2-987B-B844E4A55BCF}.Debug|x64.Build.0 = Debug|x64
		{12DB4140-76A5-44E2-987B-B844E4A55BCF}.Debug|x64.Deploy.0 = Debug|x64
		{12DB4140-76A5-44E2-987B-B844E4A55BCF}.Debug|x86.ActiveCfg = Debug|x86
		{12DB4140-76A5-44E2-987B-B844E4A55BCF}.Debug|x86.Build.0 = Debug|x86
		{12DB4140-76A5-44E2-987B-B844E4A55BCF}.Debug|x86.Deploy.0 = Debug|x86
		{12DB4140-76A5-44E2-987B-B844E4A55BCF}.Release|ARM.ActiveCfg = Release|ARM
		{12DB4140-76A5-44E2-987B-B844E4A55BCF}.Release|ARM.Build.0 = Release|ARM
		{12DB4140-76A5-44E2-987B-B844E4A55BCF}.Release|ARM.Deploy.0 = Release|ARM
		{12DB4140-76A5-44E2-987B-B844E4A55BCF}.Release|ARM64.ActiveCfg = Release|ARM64
		{12DB4140-76A5-44E2-987B-B844E4A55BCF}.Release|ARM64.Build.0 = Release|ARM64
		{12DB4140-76A5-44E2-987B-B844E4A55BCF}.Release|ARM64.Deploy.0 = Release|ARM64
		{12DB4140-76A5-44E2-987B-B844E4A55BCF}.Release|x64.ActiveCfg = Release|x64
		{12DB4140-76A5-44E2-987B-B844E4A55BCF}.Release|x64.Build.0 = Release|x64
		{12DB4140-76A5-44E2-987B-B844E4A55BCF}.Release|x64.Deploy.0 = Release|x64
		{12DB4140-76A5-44E2-987B-B844E4A55BCF}.Release|x86.ActiveCfg = Release|x86
		{12DB4140-76A5-44E2-987B-B844E4A55BCF}.Release|x86.Build.0 = Release|x86
		{12DB4140-76A5-44E2-987B-B844E4A55BCF}.Release|x86.Deploy.0 = Release|x86
		{9839A97C-B140-4AC1-A5BD-9B85A041A612}.Debug|ARM.ActiveCfg = Debug|ARM
		{9839A97C-B140-4AC1-A5BD-9B85A041A612}.Debug|ARM.Build.0 = Debug|ARM
		{9839A97C-B140-4AC1-A5BD-9B85A041A612}.Debug|ARM.Deploy.0 = Debug|ARM
		{9839A97C-B140-4AC1-A5BD-9B85A041A612}.Debug|ARM64.ActiveCfg = Debug|ARM64
		{9839A97C-B140-4AC1-A5BD-9B85A041A612}.Debug|ARM64.Build.0 = Debug|ARM64
		{9839A97C-B140-4AC1-A5BD-9B85A041A612}.Debug|ARM64.Deploy.0 = Debug|ARM64
		{9839A97C-B140-4AC1-A5BD-9B85A041A612}.Debug|x64.ActiveCfg = Debug|x64
		{9839A97C-B140-4AC1-A5BD-9B85A041A612}.Debug|x64.Build.0 = Debug|x64
		{9839A97C-B140-4AC1-A5BD-9B85A041A612}.Debug|x64.Deploy.0 = Debug|x64
		{9839A97C-B140-4AC1-A5BD-9B85A041A612}.Debug|x86.ActiveCfg = Debug|x86
		{9839A97C-B140-4AC1-A5BD-9B85A041A612}.Debug|x86.Build.0 = Debug|x86
		{9839A97C-B140-4AC1-A5BD-9B85A041A612}.Debug|x86.Deploy.0 = Debug|x86
		{9839A97C-B140-4AC1-A5BD-9B85A041A612}.Release|ARM.ActiveCfg = Release|ARM
		{9839A97C-B140-4AC1-A5BD-9B85A041A612}.Release|ARM.Build.0 = Release|ARM
		{9839A97C-B140-4AC1-A5BD-9B85A041A612}.Release|ARM.Deploy.0 = Release|ARM
		{9839A97C-B140-4AC1-A5BD-9B85A041A612}.Release|ARM64.ActiveCfg = Release|ARM64
		{9839A97C-B140-4AC1-A5BD-9B85A041A612}.Release|ARM64.Build.0 = Release|ARM64
		{9839A97C-B140-4AC1-A5BD-9B85A041A612}.Release|ARM64.Deploy.0 = Release|ARM64
		{9839A97C-B140-4AC1-A5BD-9B85A041A612}.Release|x64.ActiveCfg = Release|x64
		{9839A97C-B140-4AC1-A5BD-9B85A041A612}.Release|x64.Build.0 = Release|x64
		{9839A97C-B140-4AC1-A5BD-9B85A041A612}.Release|x64.Deploy.0 = Release|x64
		{9839A97C-B140-4AC1-A5BD-9B85A041A612}.Release|x86.ActiveCfg = Release|x86
		{9839A97C-B140-4AC1-A5BD-9B85A041A612}.Release|x86.Build.0 = Release|x86
		{9839A97C-B140-4AC1-A5BD-9B85A041A612}.Release|x86.Deploy.0 = Release|x86
		{7A4FF8F7-4361-4964-9E9F-3E487B572188}.Debug|ARM.ActiveCfg = Debug|ARM
		{7A4FF8F7-4361-4964-9E9F-3E487B572188}.Debug|ARM.Build.0 = Debug|ARM
		{7A4FF8F7-4361-4964-9E9F-3E487B572188}.Debug|ARM.Deploy.0 = Debug|ARM
		{7A4FF8F7-4361-4964-9E9F-3E487B572188}.Debug|ARM64.ActiveCfg = Debug|ARM64
		{7A4FF8F7-4361-4964-9E9F-3E487B572188}.Debug|ARM64.Build.0 = Debug|ARM64
		{7A4FF8F7-4361-4964-9E9F-3E487B572188}.Debug|ARM64.Deploy.0 = Debug|ARM64
		{7A4FF8F7-4361-4964-9E9F-3E487B572188}.Debug|x64.ActiveCfg = Debug|x64
		{7A4FF8F7-4361-4964-9E9F-3E487B572188}.Debug|x64.Build.0 = Debug|x64
		{7A4FF8F7-4361-4964-9E9F-3E487B572188}.Debug|x64.Deploy.0 = Debug|x64
		{7A4FF8F7-4361-4964-9E9F-3E487B572188}.Debug|x86.ActiveCfg = Debug|x86
		{7A4FF8F7-4361-4964-9E9F-3E487B572188}.Debug|x86.Build.0 = Debug|x86
		{7A4FF8F7-4361-4964-9E9F-3E487B572188}.Debug|x86.Deploy.0 = Debug|x86
		{7A4FF8F7-4361-4964-9E9F-3E487B572188}.Release|ARM.ActiveCfg = Release|ARM
		{7A4FF8F7-4361-4964-9E9F-3E487B572188}.Release|ARM.Build.0 = Release|ARM
		{7A4FF8F7-4361-4964-9E9F-3E487B572188}.Release|ARM.Deploy.0 = Release|ARM
		{7A4FF8F7-4361-4964-9E9F-3E487B572188}.Release|ARM64.ActiveCfg = Release|ARM64
		{7A4FF8F7-4361-4964-9E9F-3E487B572188}.Release|ARM64.Build.0 = Release|ARM64
		{7A4FF8F7-4361-4964-9E9F-3E487B572188}.Release|ARM64.Deploy.0 = Release|ARM64
		{7A4FF8F7-4361-4964-9E9F-3E487B572188}.Release|x64.ActiveCfg = Release|x64
		{7A4FF8F7-4361-4964-9E9F-3E487B572188}.Release|x64.Build.0 = Release|x64
		{7A4FF8F7-4361-4964-9E9F-3E487B572188}.Release|x64.Deploy.0 = Release|x64
		{7A4FF8F7-4361-4964-9E9F-3E487B572188}.Release|x86.ActiveCfg = Release|x86
		{7A4FF8F7-4361-4964-9E9F-3E487B572188}.Release|x86.Build.0 = Release|x86
		{7A4FF8F7-4361-4964-9E9F-3E487B572188}.Release|x86.Deploy.0 = Release|x86
	EndGlobalSection
	GlobalSection(SolutionProperties) = preSolution
		HideSolutionNode = FALSE
	EndGlobalSection
	GlobalSection(ExtensibilityGlobals) = postSolution
		SolutionGuid = {E5F84C34-3BE5-4399-A23E-36ADC3970E2C}
	EndGlobalSection
EndGlobal
